
Microsoft Visual Studio Solution File, Format Version 12.00
# Visual Studio Version 17
VisualStudioVersion = 17.2.32505.173
MinimumVisualStudioVersion = 10.0.40219.1
Project("{FAE04EC0-301F-11D3-BF4B-00C04F79EFBC}") = "DisconnectedEnvironment", "DisconnectedEnvironment\DisconnectedEnvironment.csproj", "{643B9669-B593-4608-A027-D92911C5B867}"
EndProject
Global
	GlobalSection(SolutionConfigurationPlatforms) = preSolution
		Debug|Any CPU = Debug|Any CPU
		Release|Any CPU = Release|Any CPU
	EndGlobalSection
	GlobalSection(ProjectConfigurationPlatforms) = postSolution
		{643B9669-B593-4608-A027-D92911C5B867}.Debug|Any CPU.ActiveCfg = Debug|Any CPU
		{643B9669-B593-4608-A027-D92911C5B867}.Debug|Any CPU.Build.0 = Debug|Any CPU
		{643B9669-B593-4608-A027-D92911C5B867}.Release|Any CPU.ActiveCfg = Release|Any CPU
		{643B9669-B593-4608-A027-D92911C5B867}.Release|Any CPU.Build.0 = Release|Any CPU
	EndGlobalSection
	GlobalSection(SolutionProperties) = preSolution
		HideSolutionNode = FALSE
	EndGlobalSection
	GlobalSection(ExtensibilityGlobals) = postSolution
		SolutionGuid = {83788944-7F8A-4487-A7E6-15225F1E0753}
	EndGlobalSection
EndGlobal
